
Microsoft Visual Studio Solution File, Format Version 12.00
# Visual Studio 15
VisualStudioVersion = 15.0.28307.1259
MinimumVisualStudioVersion = 10.0.40219.1
Project("{FAE04EC0-301F-11D3-BF4B-00C04F79EFBC}") = "WebApplication3", "WebApplication3\WebApplication3.csproj", "{C53001BA-7141-4CD3-A950-8FBA18E7ABD1}"
EndProject
Global
	GlobalSection(SolutionConfigurationPlatforms) = preSolution
		Debug|Any CPU = Debug|Any CPU
		Release|Any CPU = Release|Any CPU
	EndGlobalSection
	GlobalSection(ProjectConfigurationPlatforms) = postSolution
		{C53001BA-7141-4CD3-A950-8FBA18E7ABD1}.Debug|Any CPU.ActiveCfg = Debug|Any CPU
		{C53001BA-7141-4CD3-A950-8FBA18E7ABD1}.Debug|Any CPU.Build.0 = Debug|Any CPU
		{C53001BA-7141-4CD3-A950-8FBA18E7ABD1}.Release|Any CPU.ActiveCfg = Release|Any CPU
		{C53001BA-7141-4CD3-A950-8FBA18E7ABD1}.Release|Any CPU.Build.0 = Release|Any CPU
	EndGlobalSection
	GlobalSection(SolutionProperties) = preSolution
		HideSolutionNode = FALSE
	EndGlobalSection
	GlobalSection(ExtensibilityGlobals) = postSolution
		SolutionGuid = {1998B982-D44A-4F94-8112-0E04849BBFA3}
	EndGlobalSection
EndGlobal
